
Microsoft Visual Studio Solution File, Format Version 12.00
# Visual Studio Version 17
VisualStudioVersion = 17.0.31903.59
MinimumVisualStudioVersion = 10.0.40219.1
Project("{2150E333-8FDC-42A3-9474-1A3956D46DE8}") = "apps", "apps", "{1787FE1D-075E-9E68-7218-25F1BD1BBEAB}"
	ProjectSection(SolutionItems) = preProject
		..\..\..\Downloads\casino_docs_md\README.md = ..\..\..\Downloads\casino_docs_md\README.md
	EndProjectSection
EndProject
Project("{2150E333-8FDC-42A3-9474-1A3956D46DE8}") = "api", "api", "{BC2D172B-13BC-136C-CDB1-4B1A687208C4}"
EndProject
Project("{FAE04EC0-301F-11D3-BF4B-00C04F79EFBC}") = "Casino.Api", "apps\api\Casino.Api\Casino.Api.csproj", "{F46342D7-B0D1-4000-9B82-FA4DF63F00E4}"
EndProject
Project("{FAE04EC0-301F-11D3-BF4B-00C04F79EFBC}") = "Casino.Domain", "apps\Casino.Domain\Casino.Domain.csproj", "{294AC556-91BB-4615-8B71-D42AA9D3B41A}"
EndProject
Project("{FAE04EC0-301F-11D3-BF4B-00C04F79EFBC}") = "Casino.Application", "apps\Casino.Application\Casino.Application.csproj", "{84270F00-9C4F-4E73-86A8-A8D5F02C8E01}"
EndProject
Project("{FAE04EC0-301F-11D3-BF4B-00C04F79EFBC}") = "Casino.Infrastructure", "apps\Casino.Infrastructure\Casino.Infrastructure.csproj", "{B9FC9BD9-D6A0-42CF-9912-073CBE2844DC}"
EndProject
Project("{2150E333-8FDC-42A3-9474-1A3956D46DE8}") = "docs", "docs", "{02EA681E-C7D8-13C7-8484-4AC65E1B71E8}"
	ProjectSection(SolutionItems) = preProject
		API-DESIGN-GUIDE.md = API-DESIGN-GUIDE.md
		..\..\..\Downloads\casino_docs_md\docs\API-GATEWAY.md = ..\..\..\Downloads\casino_docs_md\docs\API-GATEWAY.md
		..\..\..\Downloads\casino_docs_md\docs\ARCHITECTURE.md = ..\..\..\Downloads\casino_docs_md\docs\ARCHITECTURE.md
		AUTH-DESIGN.md = AUTH-DESIGN.md
		BRAND-CONFIG-MODEL.md = BRAND-CONFIG-MODEL.md
		BRANDS-API.md = BRANDS-API.md
		..\..\..\Downloads\casino_docs_md\docs\DATA-MODEL.md = ..\..\..\Downloads\casino_docs_md\docs\DATA-MODEL.md
		..\..\..\Downloads\casino_docs_md\docs\INTEGRATION-KIT.md = ..\..\..\Downloads\casino_docs_md\docs\INTEGRATION-KIT.md
		..\..\..\Downloads\casino_docs_md\docs\PROMPTS.md = ..\..\..\Downloads\casino_docs_md\docs\PROMPTS.md
		..\..\..\Downloads\casino_docs_md\docs\ROADMAP.md = ..\..\..\Downloads\casino_docs_md\docs\ROADMAP.md
		..\..\..\Downloads\ROUTES-CLEANUP.md = ..\..\..\Downloads\ROUTES-CLEANUP.md
		TENANCY.md = TENANCY.md
	EndProjectSection
EndProject
Global
	GlobalSection(SolutionConfigurationPlatforms) = preSolution
		Debug|Any CPU = Debug|Any CPU
		Debug|x64 = Debug|x64
		Debug|x86 = Debug|x86
		Release|Any CPU = Release|Any CPU
		Release|x64 = Release|x64
		Release|x86 = Release|x86
	EndGlobalSection
	GlobalSection(ProjectConfigurationPlatforms) = postSolution
		{F46342D7-B0D1-4000-9B82-FA4DF63F00E4}.Debug|Any CPU.ActiveCfg = Debug|Any CPU
		{F46342D7-B0D1-4000-9B82-FA4DF63F00E4}.Debug|Any CPU.Build.0 = Debug|Any CPU
		{F46342D7-B0D1-4000-9B82-FA4DF63F00E4}.Debug|x64.ActiveCfg = Debug|Any CPU
		{F46342D7-B0D1-4000-9B82-FA4DF63F00E4}.Debug|x64.Build.0 = Debug|Any CPU
		{F46342D7-B0D1-4000-9B82-FA4DF63F00E4}.Debug|x86.ActiveCfg = Debug|Any CPU
		{F46342D7-B0D1-4000-9B82-FA4DF63F00E4}.Debug|x86.Build.0 = Debug|Any CPU
		{F46342D7-B0D1-4000-9B82-FA4DF63F00E4}.Release|Any CPU.ActiveCfg = Release|Any CPU
		{F46342D7-B0D1-4000-9B82-FA4DF63F00E4}.Release|Any CPU.Build.0 = Release|Any CPU
		{F46342D7-B0D1-4000-9B82-FA4DF63F00E4}.Release|x64.ActiveCfg = Release|Any CPU
		{F46342D7-B0D1-4000-9B82-FA4DF63F00E4}.Release|x64.Build.0 = Release|Any CPU
		{F46342D7-B0D1-4000-9B82-FA4DF63F00E4}.Release|x86.ActiveCfg = Release|Any CPU
		{F46342D7-B0D1-4000-9B82-FA4DF63F00E4}.Release|x86.Build.0 = Release|Any CPU
		{294AC556-91BB-4615-8B71-D42AA9D3B41A}.Debug|Any CPU.ActiveCfg = Debug|Any CPU
		{294AC556-91BB-4615-8B71-D42AA9D3B41A}.Debug|Any CPU.Build.0 = Debug|Any CPU
		{294AC556-91BB-4615-8B71-D42AA9D3B41A}.Debug|x64.ActiveCfg = Debug|Any CPU
		{294AC556-91BB-4615-8B71-D42AA9D3B41A}.Debug|x64.Build.0 = Debug|Any CPU
		{294AC556-91BB-4615-8B71-D42AA9D3B41A}.Debug|x86.ActiveCfg = Debug|Any CPU
		{294AC556-91BB-4615-8B71-D42AA9D3B41A}.Debug|x86.Build.0 = Debug|Any CPU
		{294AC556-91BB-4615-8B71-D42AA9D3B41A}.Release|Any CPU.ActiveCfg = Release|Any CPU
		{294AC556-91BB-4615-8B71-D42AA9D3B41A}.Release|Any CPU.Build.0 = Release|Any CPU
		{294AC556-91BB-4615-8B71-D42AA9D3B41A}.Release|x64.ActiveCfg = Release|Any CPU
		{294AC556-91BB-4615-8B71-D42AA9D3B41A}.Release|x64.Build.0 = Release|Any CPU
		{294AC556-91BB-4615-8B71-D42AA9D3B41A}.Release|x86.ActiveCfg = Release|Any CPU
		{294AC556-91BB-4615-8B71-D42AA9D3B41A}.Release|x86.Build.0 = Release|Any CPU
		{84270F00-9C4F-4E73-86A8-A8D5F02C8E01}.Debug|Any CPU.ActiveCfg = Debug|Any CPU
		{84270F00-9C4F-4E73-86A8-A8D5F02C8E01}.Debug|Any CPU.Build.0 = Debug|Any CPU
		{84270F00-9C4F-4E73-86A8-A8D5F02C8E01}.Debug|x64.ActiveCfg = Debug|Any CPU
		{84270F00-9C4F-4E73-86A8-A8D5F02C8E01}.Debug|x64.Build.0 = Debug|Any CPU
		{84270F00-9C4F-4E73-86A8-A8D5F02C8E01}.Debug|x86.ActiveCfg = Debug|Any CPU
		{84270F00-9C4F-4E73-86A8-A8D5F02C8E01}.Debug|x86.Build.0 = Debug|Any CPU
		{84270F00-9C4F-4E73-86A8-A8D5F02C8E01}.Release|Any CPU.ActiveCfg = Release|Any CPU
		{84270F00-9C4F-4E73-86A8-A8D5F02C8E01}.Release|Any CPU.Build.0 = Release|Any CPU
		{84270F00-9C4F-4E73-86A8-A8D5F02C8E01}.Release|x64.ActiveCfg = Release|Any CPU
		{84270F00-9C4F-4E73-86A8-A8D5F02C8E01}.Release|x64.Build.0 = Release|Any CPU
		{84270F00-9C4F-4E73-86A8-A8D5F02C8E01}.Release|x86.ActiveCfg = Release|Any CPU
		{84270F00-9C4F-4E73-86A8-A8D5F02C8E01}.Release|x86.Build.0 = Release|Any CPU
		{B9FC9BD9-D6A0-42CF-9912-073CBE2844DC}.Debug|Any CPU.ActiveCfg = Debug|Any CPU
		{B9FC9BD9-D6A0-42CF-9912-073CBE2844DC}.Debug|Any CPU.Build.0 = Debug|Any CPU
		{B9FC9BD9-D6A0-42CF-9912-073CBE2844DC}.Debug|x64.ActiveCfg = Debug|Any CPU
		{B9FC9BD9-D6A0-42CF-9912-073CBE2844DC}.Debug|x64.Build.0 = Debug|Any CPU
		{B9FC9BD9-D6A0-42CF-9912-073CBE2844DC}.Debug|x86.ActiveCfg = Debug|Any CPU
		{B9FC9BD9-D6A0-42CF-9912-073CBE2844DC}.Debug|x86.Build.0 = Debug|Any CPU
		{B9FC9BD9-D6A0-42CF-9912-073CBE2844DC}.Release|Any CPU.ActiveCfg = Release|Any CPU
		{B9FC9BD9-D6A0-42CF-9912-073CBE2844DC}.Release|Any CPU.Build.0 = Release|Any CPU
		{B9FC9BD9-D6A0-42CF-9912-073CBE2844DC}.Release|x64.ActiveCfg = Release|Any CPU
		{B9FC9BD9-D6A0-42CF-9912-073CBE2844DC}.Release|x64.Build.0 = Release|Any CPU
		{B9FC9BD9-D6A0-42CF-9912-073CBE2844DC}.Release|x86.ActiveCfg = Release|Any CPU
		{B9FC9BD9-D6A0-42CF-9912-073CBE2844DC}.Release|x86.Build.0 = Release|Any CPU
	EndGlobalSection
	GlobalSection(SolutionProperties) = preSolution
		HideSolutionNode = FALSE
	EndGlobalSection
	GlobalSection(NestedProjects) = preSolution
		{BC2D172B-13BC-136C-CDB1-4B1A687208C4} = {1787FE1D-075E-9E68-7218-25F1BD1BBEAB}
		{F46342D7-B0D1-4000-9B82-FA4DF63F00E4} = {BC2D172B-13BC-136C-CDB1-4B1A687208C4}
		{294AC556-91BB-4615-8B71-D42AA9D3B41A} = {1787FE1D-075E-9E68-7218-25F1BD1BBEAB}
		{84270F00-9C4F-4E73-86A8-A8D5F02C8E01} = {1787FE1D-075E-9E68-7218-25F1BD1BBEAB}
		{B9FC9BD9-D6A0-42CF-9912-073CBE2844DC} = {1787FE1D-075E-9E68-7218-25F1BD1BBEAB}
		{02EA681E-C7D8-13C7-8484-4AC65E1B71E8} = {1787FE1D-075E-9E68-7218-25F1BD1BBEAB}
	EndGlobalSection
	GlobalSection(ExtensibilityGlobals) = postSolution
		SolutionGuid = {288C73FD-19CF-4EEA-95B2-B01FDD1C7DCF}
	EndGlobalSection
EndGlobal
